// !$*UTF8*$!
{
	archiveVersion = 1;
	classes = {
	};
	objectVersion = 46;
	objects = {

/* Begin PBXBuildFile section */
		8D7FDAFD1D38D29000B66A9B /* AppDelegate.swift in Sources */ = {isa = PBXBuildFile; fileRef = 8D7FDAFC1D38D29000B66A9B /* AppDelegate.swift */; };
		8D7FDAFF1D38D29000B66A9B /* ViewController.swift in Sources */ = {isa = PBXBuildFile; fileRef = 8D7FDAFE1D38D29000B66A9B /* ViewController.swift */; };
		8D7FDB021D38D29000B66A9B /* Main.storyboard in Resources */ = {isa = PBXBuildFile; fileRef = 8D7FDB001D38D29000B66A9B /* Main.storyboard */; };
		8D7FDB041D38D29000B66A9B /* Assets.xcassets in Resources */ = {isa = PBXBuildFile; fileRef = 8D7FDB031D38D29000B66A9B /* Assets.xcassets */; };
		8D7FDB071D38D29000B66A9B /* LaunchScreen.storyboard in Resources */ = {isa = PBXBuildFile; fileRef = 8D7FDB051D38D29000B66A9B /* LaunchScreen.storyboard */; };
/* End PBXBuildFile section */

/* Begin PBXFileReference section */
		8D7FDAF91D38D29000B66A9B /* DevTable.app */ = {isa = PBXFileReference; explicitFileType = wrapper.application; includeInIndex = 0; path = DevTable.app; sourceTree = BUILT_PRODUCTS_DIR; };
		8D7FDAFC1D38D29000B66A9B /* AppDelegate.swift */ = {isa = PBXFileReference; lastKnownFileType = sourcecode.swift; path = AppDelegate.swift; sourceTree = "<group>"; };
		8D7FDAFE1D38D29000B66A9B /* ViewController.swift */ = {isa = PBXFileReference; lastKnownFileType = sourcecode.swift; path = ViewController.swift; sourceTree = "<group>"; };
		8D7FDB011D38D29000B66A9B /* Base */ = {isa = PBXFileReference; lastKnownFileType = file.storyboard; name = Base; path = Base.lproj/Main.storyboard; sourceTree = "<group>"; };
		8D7FDB031D38D29000B66A9B /* Assets.xcassets */ = {isa = PBXFileReference; lastKnownFileType = folder.assetcatalog; path = Assets.xcassets; sourceTree = "<group>"; };
		8D7FDB061D38D29000B66A9B /* Base */ = {isa = PBXFileReference; lastKnownFileType = file.storyboard; name = Base; path = Base.lproj/LaunchScreen.storyboard; sourceTree = "<group>"; };
		8D7FDB081D38D29000B66A9B /* Info.plist */ = {isa = PBXFileReference; lastKnownFileType = text.plist.xml; path = Info.plist; sourceTree = "<group>"; };
/* End PBXFileReference section */

/* Begin PBXFrameworksBuildPhase section */
		8D7FDAF61D38D29000B66A9B /* Frameworks */ = {
			isa = PBXFrameworksBuildPhase;
			buildActionMask = 2147483647;
			files = (
			);
			runOnlyForDeploymentPostprocessing = 0;
		};
/* End PBXFrameworksBuildPhase section */

/* Begin PBXGroup section */
		8D7FDAF01D38D29000B66A9B = {
			isa = PBXGroup;
			children = (
				8D7FDAFB1D38D29000B66A9B /* DevTable */,
				8D7FDAFA1D38D29000B66A9B /* Products */,
			);
			sourceTree = "<group>";
		};
		8D7FDAFA1D38D29000B66A9B /* Products */ = {
			isa = PBXGroup;
			children = (
				8D7FDAF91D38D29000B66A9B /* DevTable.app */,
			);
			name = Products;
			sourceTree = "<group>";
		};
		8D7FDAFB1D38D29000B66A9B /* DevTable */ = {
			isa = PBXGroup;
			children = (
				8D7FDAFC1D38D29000B66A9B /* AppDelegate.swift */,
				8D7FDAFE1D38D29000B66A9B /* ViewController.swift */,
				8D7FDB001D38D29000B66A9B /* Main.storyboard */,
				8D7FDB031D38D29000B66A9B /* Assets.xcassets */,
				8D7FDB051D38D29000B66A9B /* LaunchScreen.storyboard */,
				8D7FDB081D38D29000B66A9B /* Info.plist */,
			);
			path = DevTable;
			sourceTree = "<group>";
		};
/* End PBXGroup section */

/* Begin PBXNativeTarget section */
		8D7FDAF81D38D29000B66A9B /* DevTable */ = {
			isa = PBXNativeTarget;
			buildConfigurationList = 8D7FDB0B1D38D29000B66A9B /* Build configuration list for PBXNativeTarget "DevTable" */;
			buildPhases = (
				8D7FDAF51D38D29000B66A9B /* Sources */,
				8D7FDAF61D38D29000B66A9B /* Frameworks */,
				8D7FDAF71D38D29000B66A9B /* Resources */,
			);
			buildRules = (
			);
			dependencies = (
			);
			name = DevTable;
			productName = DevTable;
			productReference = 8D7FDAF91D38D29000B66A9B /* DevTable.app */;
			productType = "com.apple.product-type.application";
		};
/* End PBXNativeTarget section */

/* Begin PBXProject section */
		8D7FDAF11D38D29000B66A9B /* Project object */ = {
			isa = PBXProject;
			attributes = {
				LastSwiftUpdateCheck = 0730;
				LastUpgradeCheck = 0730;
				ORGANIZATIONNAME = ru.testing.project;
				TargetAttributes = {
					8D7FDAF81D38D29000B66A9B = {
						CreatedOnToolsVersion = 7.3.1;
					};
				};
			};
			buildConfigurationList = 8D7FDAF41D38D29000B66A9B /* Build configuration list for PBXProject "DevTable" */;
			compatibilityVersion = "Xcode 3.2";
			developmentRegion = English;
			hasScannedForEncodings = 0;
			knownRegions = (
				en,
				Base,
			);
			mainGroup = 8D7FDAF01D38D29000B66A9B;
			productRefGroup = 8D7FDAFA1D38D29000B66A9B /* Products */;
			projectDirPath = "";
			projectRoot = "";
			targets = (
				8D7FDAF81D38D29000B66A9B /* DevTable */,
			);
		};
/* End PBXProject section */

/* Begin PBXResourcesBuildPhase section */
		8D7FDAF71D38D29000B66A9B /* Resources */ = {
			isa = PBXResourcesBuildPhase;
			buildActionMask = 2147483647;
			files = (
				8D7FDB071D38D29000B66A9B /* LaunchScreen.storyboard in Resources */,
				8D7FDB041D38D29000B66A9B /* Assets.xcassets in Resources */,
				8D7FDB021D38D29000B66A9B /* Main.storyboard in Resources */,
			);
			runOnlyForDeploymentPostprocessing = 0;
		};
/* End PBXResourcesBuildPhase section */

/* Begin PBXSourcesBuildPhase section */
		8D7FDAF51D38D29000B66A9B /* Sources */ = {
			isa = PBXSourcesBuildPhase;
			buildActionMask = 2147483647;
			files = (
				8D7FDAFF1D38D29000B66A9B /* ViewController.swift in Sources */,
				8D7FDAFD1D38D29000B66A9B /* AppDelegate.swift in Sources */,
			);
			runOnlyForDeploymentPostprocessing = 0;
		};
/* End PBXSourcesBuildPhase section */

/* Begin PBXVariantGroup section */
		8D7FDB001D38D29000B66A9B /* Main.storyboard */ = {
			isa = PBXVariantGroup;
			children = (
				8D7FDB011D38D29000B66A9B /* Base */,
			);
			name = Main.storyboard;
			sourceTree = "<group>";
		};
		8D7FDB051D38D29000B66A9B /* LaunchScreen.storyboard */ = {
			isa = PBXVariantGroup;
			children = (
				8D7FDB061D38D29000B66A9B /* Base */,
			);
			name = LaunchScreen.storyboard;
			sourceTree = "<group>";
		};
/* End PBXVariantGroup section */

/* Begin XCBuildConfiguration section */
		8D7FDB091D38D29000B66A9B /* Debug */ = {
			isa = XCBuildConfiguration;
			buildSettings = {
				ALWAYS_SEARCH_USER_PATHS = NO;
				CLANG_ANALYZER_NONNULL = YES;
				CLANG_CXX_LANGUAGE_STANDARD = "gnu++0x";
				CLANG_CXX_LIBRARY = "libc++";
				CLANG_ENABLE_MODULES = YES;
				CLANG_ENABLE_OBJC_ARC = YES;
				CLANG_WARN_BOOL_CONVERSION = YES;
				CLANG_WARN_CONSTANT_CONVERSION = YES;
				CLANG_WARN_DIRECT_OBJC_ISA_USAGE = YES_ERROR;
				CLANG_WARN_EMPTY_BODY = YES;
				CLANG_WARN_ENUM_CONVERSION = YES;
				CLANG_WARN_INT_CONVERSION = YES;
				CLANG_WARN_OBJC_ROOT_CLASS = YES_ERROR;
				CLANG_WARN_UNREACHABLE_CODE = YES;
				CLANG_WARN__DUPLICATE_METHOD_MATCH = YES;
				"CODE_SIGN_IDENTITY[sdk=iphoneos*]" = "iPhone Developer";
				COPY_PHASE_STRIP = NO;
				DEBUG_INFORMATION_FORMAT = dwarf;
				ENABLE_STRICT_OBJC_MSGSEND = YES;
				ENABLE_TESTABILITY = YES;
				GCC_C_LANGUAGE_STANDARD = gnu99;
				GCC_DYNAMIC_NO_PIC = NO;
				GCC_NO_COMMON_BLOCKS = YES;
				GCC_OPTIMIZATION_LEVEL = 0;
				GCC_PREPROCESSOR_DEFINITIONS = (
					"DEBUG=1",
					"$(inherited)",
				);
				GCC_WARN_64_TO_32_BIT_CONVERSION = YES;
				GCC_WARN_ABOUT_RETURN_TYPE = YES_ERROR;
				GCC_WARN_UNDECLARED_SELECTOR = YES;
				GCC_WARN_UNINITIALIZED_AUTOS = YES_AGGRESSIVE;
				GCC_WARN_UNUSED_FUNCTION = YES;
				GCC_WARN_UNUSED_VARIABLE = YES;
				IPHONEOS_DEPLOYMENT_TARGET = 9.3;
				MTL_ENABLE_DEBUG_INFO = YES;
				ONLY_ACTIVE_ARCH = YES;
				SDKROOT = iphoneos;
				SWIFT_OPTIMIZATION_LEVEL = "-Onone";
			};
			name = Debug;
		};
		8D7FDB0A1D38D29000B66A9B /* Release */ = {
			isa = XCBuildConfiguration;
			buildSettings = {
				ALWAYS_SEARCH_USER_PATHS = NO;
				CLANG_ANALYZER_NONNULL = YES;
				CLANG_CXX_LANGUAGE_STANDARD = "gnu++0x";
				CLANG_CXX_LIBRARY = "libc++";
				CLANG_ENABLE_MODULES = YES;
				CLANG_ENABLE_OBJC_ARC = YES;
				CLANG_WARN_BOOL_CONVERSION = YES;
				CLANG_WARN_CONSTANT_CONVERSION = YES;
				CLANG_WARN_DIRECT_OBJC_ISA_USAGE = YES_ERROR;
				CLANG_WARN_EMPTY_BODY = YES;
				CLANG_WARN_ENUM_CONVERSION = YES;
				CLANG_WARN_INT_CONVERSION = YES;
				CLANG_WARN_OBJC_ROOT_CLASS = YES_ERROR;
				CLANG_WARN_UNREACHABLE_CODE = YES;
				CLANG_WARN__DUPLICATE_METHOD_MATCH = YES;
				"CODE_SIGN_IDENTITY[sdk=iphoneos*]" = "iPhone Developer";
				COPY_PHASE_STRIP = NO;
				DEBUG_INFORMATION_FORMAT = "dwarf-with-dsym";
				ENABLE_NS_ASSERTIONS = NO;
				ENABLE_STRICT_OBJC_MSGSEND = YES;
				GCC_C_LANGUAGE_STANDARD = gnu99;
				GCC_NO_COMMON_BLOCKS = YES;
				GCC_WARN_64_TO_32_BIT_CONVERSION = YES;
				GCC_WARN_ABOUT_RETURN_TYPE = YES_ERROR;
				GCC_WARN_UNDECLARED_SELECTOR = YES;
				GCC_WARN_UNINITIALIZED_AUTOS = YES_AGGRESSIVE;
				GCC_WARN_UNUSED_FUNCTION = YES;
				GCC_WARN_UNUSED_VARIABLE = YES;
				IPHONEOS_DEPLOYMENT_TARGET = 9.3;
				MTL_ENABLE_DEBUG_INFO = NO;
				SDKROOT = iphoneos;
				VALIDATE_PRODUCT = YES;
			};
			name = Release;
		};
		8D7FDB0C1D38D29000B66A9B /* Debug */ = {
			isa = XCBuildConfiguration;
			buildSettings = {
				ASSETCATALOG_COMPILER_APPICON_NAME = AppIcon;
				INFOPLIST_FILE = DevTable/Info.plist;
				LD_RUNPATH_SEARCH_PATHS = "$(inherited) @executable_path/Frameworks";
				PRODUCT_BUNDLE_IDENTIFIER = ru.testing.project.DevTable;
				PRODUCT_NAME = "$(TARGET_NAME)";
			};
			name = Debug;
		};
		8D7FDB0D1D38D29000B66A9B /* Release */ = {
			isa = XCBuildConfiguration;
			buildSettings = {
				ASSETCATALOG_COMPILER_APPICON_NAME = AppIcon;
				INFOPLIST_FILE = DevTable/Info.plist;
				LD_RUNPATH_SEARCH_PATHS = "$(inherited) @executable_path/Frameworks";
				PRODUCT_BUNDLE_IDENTIFIER = ru.testing.project.DevTable;
				PRODUCT_NAME = "$(TARGET_NAME)";
			};
			name = Release;
		};
/* End XCBuildConfiguration section */

/* Begin XCConfigurationList section */
		8D7FDAF41D38D29000B66A9B /* Build configuration list for PBXProject "DevTable" */ = {
			isa = XCConfigurationList;
			buildConfigurations = (
				8D7FDB091D38D29000B66A9B /* Debug */,
				8D7FDB0A1D38D29000B66A9B /* Release */,
			);
			defaultConfigurationIsVisible = 0;
			defaultConfigurationName = Release;
		};
		8D7FDB0B1D38D29000B66A9B /* Build configuration list for PBXNativeTarget "DevTable" */ = {
			isa = XCConfigurationList;
			buildConfigurations = (
				8D7FDB0C1D38D29000B66A9B /* Debug */,
				8D7FDB0D1D38D29000B66A9B /* Release */,
			);
			defaultConfigurationIsVisible = 0;
		};
/* End XCConfigurationList section */
	};
	rootObject = 8D7FDAF11D38D29000B66A9B /* Project object */;
}
